Microsoft Visual Studio Solution File, Format Version 12.00
# Visual Studio 14
VisualStudioVersion = 14.0.25420.1
MinimumVisualStudioVersion = 10.0.40219.1
Project("{59de7a42-91d3-40f9-b967-84ff8236d62a}") = "OpenFga.Sdk", "src\OpenFga.Sdk\OpenFga.Sdk.csproj", "{b8d9e3e9-0156-4948-9de7-5e0d3f9c4d9e}"
EndProject
Project("{59de7a42-91d3-40f9-b967-84ff8236d62a}") = "OpenFga.Sdk.Test", "src\OpenFga.Sdk.Test\OpenFga.Sdk.Test.csproj", "{d119dfae-509a-4eba-a973-645b739356fc}"
EndProject
Global
	GlobalSection(SolutionConfigurationPlatforms) = preSolution
		Debug|Any CPU = Debug|Any CPU
		Release|Any CPU = Release|Any CPU
	EndGlobalSection
	GlobalSection(ProjectConfigurationPlatforms) = postSolution
		{b8d9e3e9-0156-4948-9de7-5e0d3f9c4d9e}.Debug|Any CPU.ActiveCfg = Debug|Any CPU
		{b8d9e3e9-0156-4948-9de7-5e0d3f9c4d9e}.Debug|Any CPU.Build.0 = Debug|Any CPU
		{b8d9e3e9-0156-4948-9de7-5e0d3f9c4d9e}.Release|Any CPU.ActiveCfg = Release|Any CPU
		{b8d9e3e9-0156-4948-9de7-5e0d3f9c4d9e}.Release|Any CPU.Build.0 = Release|Any CPU
		{d119dfae-509a-4eba-a973-645b739356fc}.Debug|Any CPU.ActiveCfg = Debug|Any CPU
		{d119dfae-509a-4eba-a973-645b739356fc}.Debug|Any CPU.Build.0 = Debug|Any CPU
		{d119dfae-509a-4eba-a973-645b739356fc}.Release|Any CPU.ActiveCfg = Release|Any CPU
		{d119dfae-509a-4eba-a973-645b739356fc}.Release|Any CPU.Build.0 = Release|Any CPU
	EndGlobalSection
	GlobalSection(SolutionProperties) = preSolution
		HideSolutionNode = FALSE
	EndGlobalSection
EndGlobal
